
Microsoft Visual Studio Solution File, Format Version 12.00
# Visual Studio Version 17
VisualStudioVersion = 17.3.32825.248
MinimumVisualStudioVersion = 10.0.40219.1
Project("{888888A0-9F3D-457C-B088-3A5042F75D52}") = "FizzBuzz", "FizzBuzz.pyproj", "{F429CCB4-E0D3-4C5B-8BE4-19579ECE27D0}"
EndProject
Global
	GlobalSection(SolutionConfigurationPlatforms) = preSolution
		Debug|Any CPU = Debug|Any CPU
		Release|Any CPU = Release|Any CPU
	EndGlobalSection
	GlobalSection(ProjectConfigurationPlatforms) = postSolution
		{F429CCB4-E0D3-4C5B-8BE4-19579ECE27D0}.Debug|Any CPU.ActiveCfg = Debug|Any CPU
		{F429CCB4-E0D3-4C5B-8BE4-19579ECE27D0}.Release|Any CPU.ActiveCfg = Release|Any CPU
	EndGlobalSection
	GlobalSection(SolutionProperties) = preSolution
		HideSolutionNode = FALSE
	EndGlobalSection
	GlobalSection(ExtensibilityGlobals) = postSolution
		SolutionGuid = {578AF5C2-0F8D-49E2-9344-4320C7B08444}
	EndGlobalSection
EndGlobal
